
Microsoft Visual Studio Solution File, Format Version 12.00
# Visual Studio Version 17
VisualStudioVersion = 17.0.31903.59
MinimumVisualStudioVersion = 10.0.40219.1
Project("{FAE04EC0-301F-11D3-BF4B-00C04F79EFBC}") = "testing", "testing\testing.csproj", "{6453ABDE-1D8D-4C3D-A3B1-ED71F42AD6A9}"
EndProject
Project("{FAE04EC0-301F-11D3-BF4B-00C04F79EFBC}") = "Bucket.CLI", "Bucket.CLI\Bucket.CLI.csproj", "{2B57CDE9-A151-47A8-87DA-2500EB6E0CCA}"
EndProject
Global
	GlobalSection(SolutionConfigurationPlatforms) = preSolution
		Debug|Any CPU = Debug|Any CPU
		Release|Any CPU = Release|Any CPU
	EndGlobalSection
	GlobalSection(SolutionProperties) = preSolution
		HideSolutionNode = FALSE
	EndGlobalSection
	GlobalSection(ProjectConfigurationPlatforms) = postSolution
		{6453ABDE-1D8D-4C3D-A3B1-ED71F42AD6A9}.Debug|Any CPU.ActiveCfg = Debug|Any CPU
		{6453ABDE-1D8D-4C3D-A3B1-ED71F42AD6A9}.Debug|Any CPU.Build.0 = Debug|Any CPU
		{6453ABDE-1D8D-4C3D-A3B1-ED71F42AD6A9}.Release|Any CPU.ActiveCfg = Release|Any CPU
		{6453ABDE-1D8D-4C3D-A3B1-ED71F42AD6A9}.Release|Any CPU.Build.0 = Release|Any CPU
		{2B57CDE9-A151-47A8-87DA-2500EB6E0CCA}.Debug|Any CPU.ActiveCfg = Debug|Any CPU
		{2B57CDE9-A151-47A8-87DA-2500EB6E0CCA}.Debug|Any CPU.Build.0 = Debug|Any CPU
		{2B57CDE9-A151-47A8-87DA-2500EB6E0CCA}.Release|Any CPU.ActiveCfg = Release|Any CPU
		{2B57CDE9-A151-47A8-87DA-2500EB6E0CCA}.Release|Any CPU.Build.0 = Release|Any CPU
	EndGlobalSection
EndGlobal
